PODS:
  - Alamofire (5.9.1)
  - FloatingLableTextField (1.0.0)
  - Moya (14.0.0):
    - Moya/Core (= 14.0.0)
  - Moya/Core (14.0.0):
    - Alamofire (~> 5.0)
  - ProgressHUD (14.1.1)
  - SwiftyJSON (5.0.2)

DEPENDENCIES:
  - FloatingLableTextField
  - Moya (~> 14.0.0)
  - ProgressHUD
  - SwiftyJSON

SPEC REPOS:
  trunk:
    - Alamofire
    - FloatingLableTextField
    - Moya
    - ProgressHUD
    - SwiftyJSON

SPEC CHECKSUMS:
  Alamofire: f36a35757af4587d8e4f4bfa223ad10be2422b8c
  FloatingLableTextField: 89d8c7692528e6d6590a3152686d12c4f8c6bf8b
  Moya: 5b45dacb75adb009f97fde91c204c1e565d31916
  ProgressHUD: abb9136ae23c85204236828562cb9a8ec98efb44
  SwiftyJSON: f5b1bf1cd8dd53cd25887ac0eabcfd92301c6a5a

PODFILE CHECKSUM: 574c4c85a312d92fa09caf499e1cc48f4d09f9e8

COCOAPODS: 1.15.2
